(("Emacs-wgrep" . "49f09ab9b706d2312cab1199e1eeb1bcd3f27f6f")
 ("adoc-mode" . "5c1484b8982845845ccd0be02629e21f1d5bed81")
 ("auctex" . "5423abe0c214fa1e56a4bbbcbcada045cae7fc02")
 ("cape" . "1c543fce9151821e8400258aefcfdee2fb24920d")
 ("cdlatex" . "fac070f0164ac9f5859cb4cccba7d29a65c337f3")
 ("citar" . "d2289669fea76ae7b2f7ad04794fcc230d65e055")
 ("citeproc-el" . "4bde999a41803fe519ea80eab8b813d53503eebd")
 ("cmake" . "1ef330f5eef8793125c2d950b4c8f5f9253b593e")
 ("compat" . "ca3f5273ac3891509f37ebdac04f9cb914fdd1fa")
 ("cond-let" . "3b88187fe067d4ca3dec3ef8a329b0ce18bdb356")
 ("consult" . "788735b54e5ad9d33137613aebae055443e3e05e")
 ("corfu" . "5869254349a035e16d656eb232a52cf0e163d531")
 ("dape" . "b04e927abac6fcbef480c8a39881d69baa1bec98")
 ("dash.el" . "d746dd9edcb67a108818beb0cdc78dc1cb466832")
 ("dashboard" . "a2c49ba27f3a906fd8b059da55104c1ec562b8b6")
 ("diff-hl" . "3d9552c575fd14ac98ac97bf3c19cdef39f79305")
 ("doom-modeline" . "adbd6325be5f84eafbc85efb5685452a5ba489bf")
 ("el-get" . "447b7efc9fca29a087f4ec29c5d8ccb580cd1c78")
 ("emacs-eat" . "c8d54d649872bfe7b2b9f49ae5c2addbf12d3b99")
 ("emacs-reformatter" . "2bd8818f3f2119a3876e574a437495214c87bc81")
 ("emacs-undo-fu-session" . "92d733a5b162a70c572fac17b9f9e872426df547")
 ("emacs-winum" . "c5455e866e8a5f7eab6a7263e2057aff5f1118b9")
 ("emacsmirror-mirror" . "e022d3483605f5ca85e8b0bd79307e8c57cc00ae")
 ("embark" . "87e53827cf6659dcc4ac4e54be9af34aeca44f6e")
 ("engrave-faces" . "031e18c1261165cf462d18da403d67d0fcbf0d89")
 ("f.el" . "931b6d0667fe03e7bf1c6c282d6d8d7006143c52")
 ("git-modes" . "f291a4cc4a8b02a25d5cf93b4ab6af29e6f060d9")
 ("gnu-elpa-mirror" . "f39608f7ff7a67cfd093635c6dcba36a6285de87")
 ("hl-todo" . "527d545b8c2f36243194cbe4a8d0e6ac9d50e6a7")
 ("ht.el" . "1c49aad1c820c86f7ee35bf9fff8429502f60fef")
 ("jsonrpc" . "d8143c52679eaeebcca26dd41e015dc73d167b49")
 ("llama" . "4d4024048053b898a01521046e0f063ee47615b0")
 ("magit" . "659f89955cf60fe3d4326d881c412df06c69680d")
 ("map" . "d0aac540461a2ed0e6f9e83de68a819d1a0db8c1")
 ("marginalia" . "d76d7e36185ab552240c14fb08f7abcbf9a2910c")
 ("markdown-mode" . "76cb4ffecfdf95ee769e5cb4608e04202c3c1521")
 ("melpa" . "ce48c8475144800fc1150607353df958afadf2ed")
 ("meson-mode" . "0449c649daaa9322e1c439c1540d8c290501d455")
 ("multiple-cursors.el" . "94b8b07a4bab87f803123723b68227565429dfa1")
 ("nerd-icons-completion" . "45b585d972192a3eaeb239e15e55de7f46f8920a")
 ("nerd-icons-corfu" . "9b089b31a810328d9b740b35a19eb796eb7a2d8a")
 ("nerd-icons.el" . "17faac7977242b470732efd417d3bcc8eb5a830e")
 ("nongnu" . "67c49cfdf5a5a9f28792c500c8eb0017cfe74a3a")
 ("nongnu-elpa" . "d3cba693ba67ab9d41bfa1df06ce8738d3c1292c")
 ("nyan-mode" . "09904af23adb839c6a9c1175349a1fb67f5b4370")
 ("orderless" . "51f677f464424ce3c46e3deacb7709784795a03b")
 ("org" . "00c0709e741447174481d66038b87951e19faaf2")
 ("org-appear" . "77d23efec5f5c25fc0798364d2b51a3ce3d8d518")
 ("org-fancy-priorities" . "7f677c6c14ecf05eab8e0efbfe7f1b00ae68eb1d")
 ("org-modern" . "d106d02cf045cc968c09989e9c48e0f2b44c574c")
 ("org-super-agenda" . "fb20ad9c8a9705aa05d40751682beae2d094e0fe")
 ("ox-hugo" . "b7dc44dc28911b9d8e3055a18deac16c3b560b03")
 ("ox-pandoc" . "1caeb56a4be26597319e7288edbc2cabada151b4")
 ("parsebib" . "5b837e0a5b91a69cc0e5086d8e4a71d6d86dac93")
 ("queue" . "8df1334d54d4735d2f821790422a850dfaaa08ef")
 ("rust-mode" . "0058837c048cc031ca1a13f598a6a6604777458b")
 ("s.el" . "d7c04b84d03481a1ed62ee13dbe595224ccbe57c")
 ("seq" . "da86da9bf111f68fb81efd466d76d53af5aebc00")
 ("shrink-path.el" . "c14882c8599aec79a6e8ef2d06454254bb3e1e41")
 ("straight.el" . "a784c61d88c7ed1eb58fc4d325954db44a2e98de")
 ("string-inflection" . "4a2f87d7b47f5efe702a78f8a40a98df36eeba13")
 ("themes" . "a59202912ad55014e53a685eee6cd94130bdd4fd")
 ("tomelr" . "ff34a7d9a68d0f25718a8a4e0fd9c6a73e506cdb")
 ("transient" . "0cacc84ff0c7df126e194666ff8b8a1e6082e796")
 ("ts.el" . "552936017cfdec89f7fc20c254ae6b37c3f22c5b")
 ("vertico" . "ccf98566f1940f96f5b8ba21f4ea9db370a177a4")
 ("with-editor" . "5021ef6885381cf5b2852f7a3f67ca8c4be1dca2")
 ("yasnippet" . "c1e6ff23e9af16b856c88dfaab9d3ad7b746ad37")
 ("zig-mode" . "66490933a468b5d55a90645c4c87067c508ccd04")
 ("zig-ts-mode" . "bb1e8287800868ee338e986bda5b5a1f5abf7445"))
:epsilon
