((adoc-mode :source "elpaca-menu-lock-file" :recipe
            (:package "adoc-mode" :fetcher github :repo "bbatsov/adoc-mode"
                      :files
                      ("*.el" "*.el.in" "dir" "*.info" "*.texi" "*.texinfo"
                       "doc/dir" "doc/*.info" "doc/*.texi" "doc/*.texinfo"
                       "lisp/*.el" "docs/dir" "docs/*.info" "docs/*.texi"
                       "docs/*.texinfo"
                       (:exclude ".dir-locals.el" "test.el" "tests.el"
                                 "*-test.el" "*-tests.el" "LICENSE" "README*"
                                 "*-pkg.el"))
                      :source "MELPA" :id adoc-mode :type git :protocol https
                      :inherit t :depth treeless :ref
                      "5c1484b8982845845ccd0be02629e21f1d5bed81"))
 (cape :source "elpaca-menu-lock-file" :recipe
       (:package "cape" :repo "minad/cape" :fetcher github :files
                 ("*.el" "*.el.in" "dir" "*.info" "*.texi" "*.texinfo" "doc/dir"
                  "doc/*.info" "doc/*.texi" "doc/*.texinfo" "lisp/*.el"
                  "docs/dir" "docs/*.info" "docs/*.texi" "docs/*.texinfo"
                  (:exclude ".dir-locals.el" "test.el" "tests.el" "*-test.el"
                            "*-tests.el" "LICENSE" "README*" "*-pkg.el"))
                 :source "MELPA" :id cape :type git :protocol https :inherit t
                 :depth treeless :ref "bd827d913f487d2bb3815731ac20b60419b9cb03"))
 (compat :source "elpaca-menu-lock-file" :recipe
         (:package "compat" :repo
                   ("https://github.com/emacs-compat/compat" . "compat") :tar
                   "31.0.0.2" :host gnu :files ("*" (:exclude ".git")) :source
                   "GNU ELPA" :id compat :type git :protocol https :inherit t
                   :depth treeless :ref
                   "3c70c4572c2e54aaebb3dcdd0b2ef6a84676118e"))
 (cond-let
   :source "elpaca-menu-lock-file" :recipe
   (:package "cond-let" :fetcher github :repo "tarsius/cond-let" :files
             ("*.el" "*.el.in" "dir" "*.info" "*.texi" "*.texinfo" "doc/dir"
              "doc/*.info" "doc/*.texi" "doc/*.texinfo" "lisp/*.el" "docs/dir"
              "docs/*.info" "docs/*.texi" "docs/*.texinfo"
              (:exclude ".dir-locals.el" "test.el" "tests.el" "*-test.el"
                        "*-tests.el" "LICENSE" "README*" "*-pkg.el"))
             :source "MELPA" :id cond-let :type git :protocol https :inherit t
             :depth treeless :ref "bbe1f1c7389b16ad0e6c3bc7b28ba8fb27afb6f5"))
 (consult :source "elpaca-menu-lock-file" :recipe
          (:package "consult" :repo "minad/consult" :fetcher github :files
                    ("*.el" "*.el.in" "dir" "*.info" "*.texi" "*.texinfo"
                     "doc/dir" "doc/*.info" "doc/*.texi" "doc/*.texinfo"
                     "lisp/*.el" "docs/dir" "docs/*.info" "docs/*.texi"
                     "docs/*.texinfo"
                     (:exclude ".dir-locals.el" "test.el" "tests.el" "*-test.el"
                               "*-tests.el" "LICENSE" "README*" "*-pkg.el"))
                    :source "MELPA" :id consult :type git :protocol https
                    :inherit t :depth treeless :ref
                    "e98ac9a3b7b78397e6f14eadfc70aacc069edd7d"))
 (corfu :source "elpaca-menu-lock-file" :recipe
        (:package "corfu" :repo "minad/corfu" :files
                  (:defaults "extensions/corfu-*.el") :fetcher github :source
                  "MELPA" :id corfu :type git :protocol https :inherit t :depth
                  treeless :ref "6477aac54fa1ea4865b23d7562e48b83a082a1e4"))
 (corfu-terminal :source "elpaca-menu-lock-file" :recipe
                 (:package "corfu-terminal" :repo "akib/emacs-corfu-terminal"
                           :tar "0.7" :host codeberg :files
                           ("*" (:exclude ".git")) :source "NonGNU ELPA" :id
                           corfu-terminal :type git :protocol https :inherit t
                           :depth treeless :ref
                           "501548c3d51f926c687e8cd838c5865ec45d03cc"))
 (dape :source "elpaca-menu-lock-file" :recipe
       (:package "dape" :repo "svaante/dape" :tar "0.27.1" :host github :files
                 ("*" (:exclude ".git")) :source "GNU ELPA" :id dape :type git
                 :protocol https :inherit t :depth treeless :ref
                 "b04e927abac6fcbef480c8a39881d69baa1bec98"))
 (dash :source "elpaca-menu-lock-file" :recipe
       (:package "dash" :fetcher github :repo "magnars/dash.el" :files
                 ("dash.el" "dash.texi") :source "MELPA" :id dash :type git
                 :protocol https :inherit t :depth treeless :ref
                 "d746dd9edcb67a108818beb0cdc78dc1cb466832"))
 (dashboard :source "elpaca-menu-lock-file" :recipe
            (:package "dashboard" :fetcher github :repo
                      "emacs-dashboard/dashboard" :files (:defaults "banners")
                      :source "MELPA" :id dashboard :type git :protocol https
                      :inherit t :depth treeless :ref
                      "a2c49ba27f3a906fd8b059da55104c1ec562b8b6"))
 (diff-hl :source "elpaca-menu-lock-file" :recipe
          (:package "diff-hl" :fetcher github :repo "dgutov/diff-hl" :files
                    ("*.el" "*.el.in" "dir" "*.info" "*.texi" "*.texinfo"
                     "doc/dir" "doc/*.info" "doc/*.texi" "doc/*.texinfo"
                     "lisp/*.el" "docs/dir" "docs/*.info" "docs/*.texi"
                     "docs/*.texinfo"
                     (:exclude ".dir-locals.el" "test.el" "tests.el" "*-test.el"
                               "*-tests.el" "LICENSE" "README*" "*-pkg.el"))
                    :source "MELPA" :id diff-hl :type git :protocol https
                    :inherit t :depth treeless :ref
                    "6f1df2b83d1140a2938409b35de7f4c9c7b1defd"))
 (doom-modeline :source "elpaca-menu-lock-file" :recipe
                (:package "doom-modeline" :repo "seagle0128/doom-modeline"
                          :fetcher github :files
                          ("*.el" "*.el.in" "dir" "*.info" "*.texi" "*.texinfo"
                           "doc/dir" "doc/*.info" "doc/*.texi" "doc/*.texinfo"
                           "lisp/*.el" "docs/dir" "docs/*.info" "docs/*.texi"
                           "docs/*.texinfo"
                           (:exclude ".dir-locals.el" "test.el" "tests.el"
                                     "*-test.el" "*-tests.el" "LICENSE"
                                     "README*" "*-pkg.el"))
                          :source "MELPA" :id doom-modeline :type git :protocol
                          https :inherit t :depth treeless :ref
                          "2d6828870bce42c3de6feebe1e70d9edc46515a6"))
 (doom-themes :source "elpaca-menu-lock-file" :recipe
              (:package "doom-themes" :fetcher github :repo "doomemacs/themes"
                        :files
                        (:defaults "themes/*.el" "themes/*/*.el"
                                   "extensions/*.el")
                        :source "MELPA" :id doom-themes :type git :protocol
                        https :inherit t :depth treeless :ref
                        "a9b7144a4b6fe03be144b1610e0a6840e2b24d41"))
 (eat :source "elpaca-menu-lock-file" :recipe
      (:package "eat" :repo "akib/emacs-eat" :tar "0.9.4" :host codeberg :files
                ("*.el" ("term" "term/*.el") "*.texi" "*.ti"
                 ("terminfo/e" "terminfo/e/*") ("terminfo/65" "terminfo/65/*")
                 ("integration" "integration/*")
                 (:exclude ".dir-locals.el" "*-tests.el"))
                :source "NonGNU ELPA" :id eat :type git :protocol https :inherit
                t :depth treeless :ref
                "c8d54d649872bfe7b2b9f49ae5c2addbf12d3b99"))
 (elpaca :source
   "elpaca-menu-lock-file" :recipe
   (:source nil :package "elpaca" :id elpaca :repo
            "https://github.com/progfolio/elpaca.git" :ref
            "6530ffa73b18ccee858e7c471415ab7e0c0d8ce1" :depth 1 :inherit ignore
            :files (:defaults "elpaca-test.el" (:exclude "extensions")) :build
            (:not elpaca-activate) :type git :protocol https))
 (elpaca-use-package :source "elpaca-menu-lock-file" :recipe
                     (:package "elpaca-use-package" :wait t :repo
                               "https://github.com/progfolio/elpaca.git" :files
                               ("extensions/elpaca-use-package.el") :main
                               "extensions/elpaca-use-package.el" :build
                               (:not elpaca-source elpaca-build-docs) :source
                               "Elpaca extensions" :id elpaca-use-package :type
                               git :protocol https :inherit t :depth treeless
                               :ref "6530ffa73b18ccee858e7c471415ab7e0c0d8ce1"))
 (embark :source "elpaca-menu-lock-file" :recipe
         (:package "embark" :repo "oantolin/embark" :fetcher github :files
                   ("embark.el" "embark-org.el" "embark.texi") :source "MELPA"
                   :id embark :type git :protocol https :inherit t :depth
                   treeless :ref "87e53827cf6659dcc4ac4e54be9af34aeca44f6e"))
 (embark-consult :source "elpaca-menu-lock-file" :recipe
                 (:package "embark-consult" :repo "oantolin/embark" :fetcher
                           github :files ("embark-consult.el") :source "MELPA"
                           :id embark-consult :type git :protocol https :inherit
                           t :depth treeless :ref
                           "87e53827cf6659dcc4ac4e54be9af34aeca44f6e"))
 (f :source "elpaca-menu-lock-file" :recipe
    (:package "f" :fetcher github :repo "rejeep/f.el" :files
              ("*.el" "*.el.in" "dir" "*.info" "*.texi" "*.texinfo" "doc/dir"
               "doc/*.info" "doc/*.texi" "doc/*.texinfo" "lisp/*.el" "docs/dir"
               "docs/*.info" "docs/*.texi" "docs/*.texinfo"
               (:exclude ".dir-locals.el" "test.el" "tests.el" "*-test.el"
                         "*-tests.el" "LICENSE" "README*" "*-pkg.el"))
              :source "MELPA" :id f :type git :protocol https :inherit t :depth
              treeless :ref "931b6d0667fe03e7bf1c6c282d6d8d7006143c52"))
 (hl-todo :source "elpaca-menu-lock-file" :recipe
          (:package "hl-todo" :fetcher github :repo "tarsius/hl-todo" :files
                    ("*.el" "*.el.in" "dir" "*.info" "*.texi" "*.texinfo"
                     "doc/dir" "doc/*.info" "doc/*.texi" "doc/*.texinfo"
                     "lisp/*.el" "docs/dir" "docs/*.info" "docs/*.texi"
                     "docs/*.texinfo"
                     (:exclude ".dir-locals.el" "test.el" "tests.el" "*-test.el"
                               "*-tests.el" "LICENSE" "README*" "*-pkg.el"))
                    :source "MELPA" :id hl-todo :type git :protocol https
                    :inherit t :depth treeless :ref
                    "527d545b8c2f36243194cbe4a8d0e6ac9d50e6a7"))
 (llama :source "elpaca-menu-lock-file" :recipe
        (:package "llama" :fetcher github :repo "tarsius/llama" :files
                  ("llama.el" ".dir-locals.el") :source "MELPA" :id llama :type
                  git :protocol https :inherit t :depth treeless :ref
                  "4d4024048053b898a01521046e0f063ee47615b0"))
 (magit :source "elpaca-menu-lock-file" :recipe
        (:package "magit" :fetcher github :repo "magit/magit" :files
                  ("lisp/magit*.el" "lisp/git-*.el" "docs/magit.texi"
                   "docs/AUTHORS.md" "LICENSE" ".dir-locals.el"
                   ("githooks" "githooks/*") ("git-hooks" "git-hooks/*")
                   (:exclude "lisp/magit-section.el"))
                  :source "MELPA" :id magit :type git :protocol https :inherit t
                  :depth treeless :ref
                  "1b50adfcc1435c3767a3105a27d86e558947df22"))
 (magit-section :source "elpaca-menu-lock-file" :recipe
                (:package "magit-section" :fetcher github :repo "magit/magit"
                          :files
                          ("lisp/magit-section.el" "docs/magit-section.texi"
                           "magit-section-pkg.el")
                          :source "MELPA" :id magit-section :type git :protocol
                          https :inherit t :depth treeless :ref
                          "1b50adfcc1435c3767a3105a27d86e558947df22"))
 (marginalia :source "elpaca-menu-lock-file" :recipe
             (:package "marginalia" :repo "minad/marginalia" :fetcher github
                       :files
                       ("*.el" "*.el.in" "dir" "*.info" "*.texi" "*.texinfo"
                        "doc/dir" "doc/*.info" "doc/*.texi" "doc/*.texinfo"
                        "lisp/*.el" "docs/dir" "docs/*.info" "docs/*.texi"
                        "docs/*.texinfo"
                        (:exclude ".dir-locals.el" "test.el" "tests.el"
                                  "*-test.el" "*-tests.el" "LICENSE" "README*"
                                  "*-pkg.el"))
                       :source "MELPA" :id marginalia :type git :protocol https
                       :inherit t :depth treeless :ref
                       "13220ab7a67f450434e6b2da452b9700ffcb39bf"))
 (markdown-mode :source "elpaca-menu-lock-file" :recipe
                (:package "markdown-mode" :fetcher github :repo
                          "jrblevin/markdown-mode" :files
                          ("*.el" "*.el.in" "dir" "*.info" "*.texi" "*.texinfo"
                           "doc/dir" "doc/*.info" "doc/*.texi" "doc/*.texinfo"
                           "lisp/*.el" "docs/dir" "docs/*.info" "docs/*.texi"
                           "docs/*.texinfo"
                           (:exclude ".dir-locals.el" "test.el" "tests.el"
                                     "*-test.el" "*-tests.el" "LICENSE"
                                     "README*" "*-pkg.el"))
                          :source "MELPA" :id markdown-mode :type git :protocol
                          https :inherit t :depth treeless :ref
                          "f441e8bc9951e73b12c61e9198658488dd8e86e1"))
 (multiple-cursors :source "elpaca-menu-lock-file" :recipe
                   (:package "multiple-cursors" :fetcher github :repo
                             "magnars/multiple-cursors.el" :files
                             ("*.el" "*.el.in" "dir" "*.info" "*.texi"
                              "*.texinfo" "doc/dir" "doc/*.info" "doc/*.texi"
                              "doc/*.texinfo" "lisp/*.el" "docs/dir"
                              "docs/*.info" "docs/*.texi" "docs/*.texinfo"
                              (:exclude ".dir-locals.el" "test.el" "tests.el"
                                        "*-test.el" "*-tests.el" "LICENSE"
                                        "README*" "*-pkg.el"))
                             :source "MELPA" :id multiple-cursors :type git
                             :protocol https :inherit t :depth treeless :ref
                             "94b8b07a4bab87f803123723b68227565429dfa1"))
 (nerd-icons :source "elpaca-menu-lock-file" :recipe
             (:package "nerd-icons" :repo "rainstormstudio/nerd-icons.el"
                       :fetcher github :files (:defaults "data") :source "MELPA"
                       :id nerd-icons :type git :protocol https :inherit t
                       :depth treeless :ref
                       "1e75075e323dedaf9f2fd5837082c60a2d0dfae3"))
 (nerd-icons-completion :source "elpaca-menu-lock-file" :recipe
                        (:package "nerd-icons-completion" :repo
                                  "rainstormstudio/nerd-icons-completion"
                                  :fetcher github :files
                                  ("*.el" "*.el.in" "dir" "*.info" "*.texi"
                                   "*.texinfo" "doc/dir" "doc/*.info"
                                   "doc/*.texi" "doc/*.texinfo" "lisp/*.el"
                                   "docs/dir" "docs/*.info" "docs/*.texi"
                                   "docs/*.texinfo"
                                   (:exclude ".dir-locals.el" "test.el"
                                             "tests.el" "*-test.el" "*-tests.el"
                                             "LICENSE" "README*" "*-pkg.el"))
                                  :source "MELPA" :id nerd-icons-completion
                                  :type git :protocol https :inherit t :depth
                                  treeless :ref
                                  "45b585d972192a3eaeb239e15e55de7f46f8920a"))
 (nerd-icons-corfu :source "elpaca-menu-lock-file" :recipe
                   (:package "nerd-icons-corfu" :fetcher github :repo
                             "LuigiPiucco/nerd-icons-corfu" :files
                             ("*.el" "*.el.in" "dir" "*.info" "*.texi"
                              "*.texinfo" "doc/dir" "doc/*.info" "doc/*.texi"
                              "doc/*.texinfo" "lisp/*.el" "docs/dir"
                              "docs/*.info" "docs/*.texi" "docs/*.texinfo"
                              (:exclude ".dir-locals.el" "test.el" "tests.el"
                                        "*-test.el" "*-tests.el" "LICENSE"
                                        "README*" "*-pkg.el"))
                             :source "MELPA" :id nerd-icons-corfu :type git
                             :protocol https :inherit t :depth treeless :ref
                             "f821e953b1a3dc9b381bc53486aabf366bf11cb1"))
 (nyan-mode :source "elpaca-menu-lock-file" :recipe
            (:package "nyan-mode" :fetcher github :repo "TeMPOraL/nyan-mode"
                      :files ("nyan-mode.el" "img" "mus") :source "MELPA" :id
                      nyan-mode :host github :type git :protocol https :inherit
                      t :depth treeless :ref
                      "09904af23adb839c6a9c1175349a1fb67f5b4370"))
 (orderless :source "elpaca-menu-lock-file" :recipe
            (:package "orderless" :repo "oantolin/orderless" :fetcher github
                      :files
                      ("*.el" "*.el.in" "dir" "*.info" "*.texi" "*.texinfo"
                       "doc/dir" "doc/*.info" "doc/*.texi" "doc/*.texinfo"
                       "lisp/*.el" "docs/dir" "docs/*.info" "docs/*.texi"
                       "docs/*.texinfo"
                       (:exclude ".dir-locals.el" "test.el" "tests.el"
                                 "*-test.el" "*-tests.el" "LICENSE" "README*"
                                 "*-pkg.el"))
                      :source "MELPA" :id orderless :type git :protocol https
                      :inherit t :depth treeless :ref
                      "f4a8114ed729d34d35cec6c7eb34b5d0b23aaa6f"))
 (popon :source "elpaca-menu-lock-file" :recipe
        (:package "popon" :repo
                  ("https://codeberg.org/akib/emacs-popon" . "popon") :tar
                  "0.13" :host nongnu :files ("*" (:exclude ".git")) :source
                  "NonGNU ELPA" :id popon :type git :protocol https :inherit t
                  :depth treeless :ref
                  "bf8174cb7e6e8fe0fe91afe6b01b6562c4dc39da"))
 (s :source "elpaca-menu-lock-file" :recipe
    (:package "s" :fetcher github :repo "magnars/s.el" :files
              ("*.el" "*.el.in" "dir" "*.info" "*.texi" "*.texinfo" "doc/dir"
               "doc/*.info" "doc/*.texi" "doc/*.texinfo" "lisp/*.el" "docs/dir"
               "docs/*.info" "docs/*.texi" "docs/*.texinfo"
               (:exclude ".dir-locals.el" "test.el" "tests.el" "*-test.el"
                         "*-tests.el" "LICENSE" "README*" "*-pkg.el"))
              :source "MELPA" :id s :type git :protocol https :inherit t :depth
              treeless :ref "d7c04b84d03481a1ed62ee13dbe595224ccbe57c"))
 (shrink-path :source "elpaca-menu-lock-file" :recipe
              (:package "shrink-path" :fetcher gitlab :repo
                        "bennya/shrink-path.el" :files
                        ("*.el" "*.el.in" "dir" "*.info" "*.texi" "*.texinfo"
                         "doc/dir" "doc/*.info" "doc/*.texi" "doc/*.texinfo"
                         "lisp/*.el" "docs/dir" "docs/*.info" "docs/*.texi"
                         "docs/*.texinfo"
                         (:exclude ".dir-locals.el" "test.el" "tests.el"
                                   "*-test.el" "*-tests.el" "LICENSE" "README*"
                                   "*-pkg.el"))
                        :source "MELPA" :id shrink-path :type git :protocol
                        https :inherit t :depth treeless :ref
                        "c14882c8599aec79a6e8ef2d06454254bb3e1e41"))
 (transient :source "elpaca-menu-lock-file" :recipe
            (:package "transient" :fetcher github :repo "magit/transient" :files
                      ("*.el" "*.el.in" "dir" "*.info" "*.texi" "*.texinfo"
                       "doc/dir" "doc/*.info" "doc/*.texi" "doc/*.texinfo"
                       "lisp/*.el" "docs/dir" "docs/*.info" "docs/*.texi"
                       "docs/*.texinfo"
                       (:exclude ".dir-locals.el" "test.el" "tests.el"
                                 "*-test.el" "*-tests.el" "LICENSE" "README*"
                                 "*-pkg.el"))
                      :source "MELPA" :id transient :type git :protocol https
                      :inherit t :depth treeless :ref
                      "416bddb37eda2f838f1e08dddde208dae271cc39"))
 (undo-fu-session :source "elpaca-menu-lock-file" :recipe
                  (:package "undo-fu-session" :fetcher codeberg :repo
                            "ideasman42/emacs-undo-fu-session" :files
                            ("*.el" "*.el.in" "dir" "*.info" "*.texi"
                             "*.texinfo" "doc/dir" "doc/*.info" "doc/*.texi"
                             "doc/*.texinfo" "lisp/*.el" "docs/dir"
                             "docs/*.info" "docs/*.texi" "docs/*.texinfo"
                             (:exclude ".dir-locals.el" "test.el" "tests.el"
                                       "*-test.el" "*-tests.el" "LICENSE"
                                       "README*" "*-pkg.el"))
                            :source "MELPA" :id undo-fu-session :type git
                            :protocol https :inherit t :depth treeless :ref
                            "92d733a5b162a70c572fac17b9f9e872426df547"))
 (vertico :source "elpaca-menu-lock-file" :recipe
          (:package "vertico" :repo "minad/vertico" :files
                    (:defaults "extensions/*") :fetcher github :source "MELPA"
                    :id vertico :type git :protocol https :inherit t :depth
                    treeless :ref "9adb8188c4aa926c15b8d68097c13f66c0d72071"))
 (wgrep :source "elpaca-menu-lock-file" :recipe
        (:package "wgrep" :fetcher github :repo "mhayashi1120/Emacs-wgrep"
                  :files ("wgrep.el") :source "MELPA" :id wgrep :type git
                  :protocol https :inherit t :depth treeless :ref
                  "49f09ab9b706d2312cab1199e1eeb1bcd3f27f6f"))
 (winum :source "elpaca-menu-lock-file" :recipe
        (:package "winum" :fetcher github :repo "deb0ch/emacs-winum" :files
                  ("*.el" "*.el.in" "dir" "*.info" "*.texi" "*.texinfo"
                   "doc/dir" "doc/*.info" "doc/*.texi" "doc/*.texinfo"
                   "lisp/*.el" "docs/dir" "docs/*.info" "docs/*.texi"
                   "docs/*.texinfo"
                   (:exclude ".dir-locals.el" "test.el" "tests.el" "*-test.el"
                             "*-tests.el" "LICENSE" "README*" "*-pkg.el"))
                  :source "MELPA" :id winum :type git :protocol https :inherit t
                  :depth treeless :ref
                  "c5455e866e8a5f7eab6a7263e2057aff5f1118b9"))
 (with-editor :source "elpaca-menu-lock-file"
   :recipe
   (:package "with-editor" :fetcher github :repo "magit/with-editor" :files
             ("*.el" "*.el.in" "dir" "*.info" "*.texi" "*.texinfo" "doc/dir"
              "doc/*.info" "doc/*.texi" "doc/*.texinfo" "lisp/*.el" "docs/dir"
              "docs/*.info" "docs/*.texi" "docs/*.texinfo"
              (:exclude ".dir-locals.el" "test.el" "tests.el" "*-test.el"
                        "*-tests.el" "LICENSE" "README*" "*-pkg.el"))
             :source "MELPA" :id with-editor :type git :protocol https :inherit
             t :depth treeless :ref "a1f92a26e53033ec58e1d2ce9b132da7ebae816e"))
 (ws-butler :source "elpaca-menu-lock-file" :recipe
            (:package "ws-butler" :fetcher git :url
                      "https://https.git.savannah.gnu.org/git/elpa/nongnu.git"
                      :branch "elpa/ws-butler" :files
                      ("*.el" "*.el.in" "dir" "*.info" "*.texi" "*.texinfo"
                       "doc/dir" "doc/*.info" "doc/*.texi" "doc/*.texinfo"
                       "lisp/*.el" "docs/dir" "docs/*.info" "docs/*.texi"
                       "docs/*.texinfo"
                       (:exclude ".dir-locals.el" "test.el" "tests.el"
                                 "*-test.el" "*-tests.el" "LICENSE" "README*"
                                 "*-pkg.el"))
                      :source "MELPA" :id ws-butler :type git :protocol https
                      :inherit t :depth treeless :ref
                      "67c49cfdf5a5a9f28792c500c8eb0017cfe74a3a")))
