(("Emacs-wgrep" . "49f09ab9b706d2312cab1199e1eeb1bcd3f27f6f")
 ("adoc-mode" . "5c1484b8982845845ccd0be02629e21f1d5bed81")
 ("auctex" . "1f55fef27ed772c5c2ee9075ad1af7412f74367b")
 ("cape" . "f0135abaf95a22b9fb2c951751a5d0733ce61bbd")
 ("cdlatex" . "fac070f0164ac9f5859cb4cccba7d29a65c337f3")
 ("citar" . "d2289669fea76ae7b2f7ad04794fcc230d65e055")
 ("citeproc-el" . "4bde999a41803fe519ea80eab8b813d53503eebd")
 ("cmake" . "03676b051d5a1302c8b17bb6b3325ee38acab914")
 ("compat" . "f06b08ce561bcd1a8e586e7e2a8a562860d83fd0")
 ("cond-let" . "bbe1f1c7389b16ad0e6c3bc7b28ba8fb27afb6f5")
 ("consult" . "e98ac9a3b7b78397e6f14eadfc70aacc069edd7d")
 ("corfu" . "75be36fe63e78c63ac71c32039ab07836bd532ac")
 ("dape" . "b04e927abac6fcbef480c8a39881d69baa1bec98")
 ("dash.el" . "d746dd9edcb67a108818beb0cdc78dc1cb466832")
 ("dashboard" . "a2c49ba27f3a906fd8b059da55104c1ec562b8b6")
 ("diff-hl" . "6f1df2b83d1140a2938409b35de7f4c9c7b1defd")
 ("doom-modeline" . "2d6828870bce42c3de6feebe1e70d9edc46515a6")
 ("el-get" . "447b7efc9fca29a087f4ec29c5d8ccb580cd1c78")
 ("emacs-corfu-terminal" . "501548c3d51f926c687e8cd838c5865ec45d03cc")
 ("emacs-eat" . "c8d54d649872bfe7b2b9f49ae5c2addbf12d3b99")
 ("emacs-reformatter" . "2bd8818f3f2119a3876e574a437495214c87bc81")
 ("emacs-undo-fu-session" . "92d733a5b162a70c572fac17b9f9e872426df547")
 ("emacs-winum" . "c5455e866e8a5f7eab6a7263e2057aff5f1118b9")
 ("emacsmirror-mirror" . "56ff25f541da1fc0e305e168cdd6437510d83943")
 ("embark" . "87e53827cf6659dcc4ac4e54be9af34aeca44f6e")
 ("engrave-faces" . "031e18c1261165cf462d18da403d67d0fcbf0d89")
 ("f.el" . "931b6d0667fe03e7bf1c6c282d6d8d7006143c52")
 ("git-modes" . "f291a4cc4a8b02a25d5cf93b4ab6af29e6f060d9")
 ("gnu-elpa-mirror" . "6390a0b5e8ff9fbbb7f108ac8d4221b72a6415b1")
 ("haskell-mode" . "781e4669a0e0917fa8c532371cbfb1eb5b03b645")
 ("haskell-ts-mode" . "bf143ee8382f09e0a68d775d80445065f32929c3")
 ("hl-todo" . "527d545b8c2f36243194cbe4a8d0e6ac9d50e6a7")
 ("ht.el" . "1c49aad1c820c86f7ee35bf9fff8429502f60fef")
 ("jsonrpc" . "d8143c52679eaeebcca26dd41e015dc73d167b49")
 ("llama" . "4d4024048053b898a01521046e0f063ee47615b0")
 ("magit" . "137f137dccb37097ae9caa31018cafa071ff4ec1")
 ("map" . "d0aac540461a2ed0e6f9e83de68a819d1a0db8c1")
 ("marginalia" . "7ec0b70afb43a756ecd45a958c6ebe797717fc91")
 ("markdown-mode" . "6995b8d095eceace0b947c1217646781ab021c10")
 ("melpa" . "fa4a6c0d3e91acdf258317e325ad037a472887ec")
 ("meson-mode" . "0449c649daaa9322e1c439c1540d8c290501d455")
 ("multiple-cursors.el" . "94b8b07a4bab87f803123723b68227565429dfa1")
 ("nerd-icons-completion" . "45b585d972192a3eaeb239e15e55de7f46f8920a")
 ("nerd-icons-corfu" . "f821e953b1a3dc9b381bc53486aabf366bf11cb1")
 ("nerd-icons.el" . "1e75075e323dedaf9f2fd5837082c60a2d0dfae3")
 ("nongnu" . "67c49cfdf5a5a9f28792c500c8eb0017cfe74a3a")
 ("nongnu-elpa" . "6f2032b569ca4fb07e8627c7618682bfc88875df")
 ("nyan-mode" . "09904af23adb839c6a9c1175349a1fb67f5b4370")
 ("orderless" . "f4a8114ed729d34d35cec6c7eb34b5d0b23aaa6f")
 ("org" . "2f2e4d865c8c3023bcfc9c9434bbac219cecf82c")
 ("org-appear" . "77d23efec5f5c25fc0798364d2b51a3ce3d8d518")
 ("org-fancy-priorities" . "7f677c6c14ecf05eab8e0efbfe7f1b00ae68eb1d")
 ("org-modern" . "d106d02cf045cc968c09989e9c48e0f2b44c574c")
 ("org-super-agenda" . "fb20ad9c8a9705aa05d40751682beae2d094e0fe")
 ("ox-hugo" . "b7dc44dc28911b9d8e3055a18deac16c3b560b03")
 ("ox-pandoc" . "1caeb56a4be26597319e7288edbc2cabada151b4")
 ("parsebib" . "5b837e0a5b91a69cc0e5086d8e4a71d6d86dac93")
 ("popon" . "bf8174cb7e6e8fe0fe91afe6b01b6562c4dc39da")
 ("queue" . "8df1334d54d4735d2f821790422a850dfaaa08ef")
 ("rust-mode" . "0058837c048cc031ca1a13f598a6a6604777458b")
 ("s.el" . "d7c04b84d03481a1ed62ee13dbe595224ccbe57c")
 ("seq" . "da86da9bf111f68fb81efd466d76d53af5aebc00")
 ("shrink-path.el" . "c14882c8599aec79a6e8ef2d06454254bb3e1e41")
 ("straight.el" . "e40a5b7f8b0c1bb2cde0e7e477b5f81303e34b95")
 ("string-inflection" . "4a2f87d7b47f5efe702a78f8a40a98df36eeba13")
 ("themes" . "d114523c4c436d899170afe9ea9b99cd214c344f")
 ("tomelr" . "ff34a7d9a68d0f25718a8a4e0fd9c6a73e506cdb")
 ("transient" . "618f000e51e39b1d57ad82e133c231b461d62777")
 ("ts.el" . "552936017cfdec89f7fc20c254ae6b37c3f22c5b")
 ("vertico" . "a6874e3d8c74a9eea77967d702d608ebbd6b27ec")
 ("with-editor" . "d6d859f7839a2ced6700857976270be56cd225b0")
 ("yasnippet" . "c1e6ff23e9af16b856c88dfaab9d3ad7b746ad37")
 ("zig-mode" . "66490933a468b5d55a90645c4c87067c508ccd04")
 ("zig-ts-mode" . "bb1e8287800868ee338e986bda5b5a1f5abf7445"))
:epsilon
